
Microsoft Visual Studio Solution File, Format Version 11.00
# Visual Studio 2010
Project("{FAE04EC0-301F-11D3-BF4B-00C04F79EFBC}") = "ProjectVrij", "Assembly-CSharp-firstpass.csproj", "{1003E93A-BB33-CA97-5561-AFAEFB0A5F9C}"
EndProject
Project("{FAE04EC0-301F-11D3-BF4B-00C04F79EFBC}") = "ProjectVrij", "Assembly-CSharp.csproj", "{2143E661-D242-D7D3-1F64-BE7638D623E3}"
EndProject
Project("{FAE04EC0-301F-11D3-BF4B-00C04F79EFBC}") = "ProjectVrij", "Assembly-CSharp-Editor-firstpass.csproj", "{1D888363-4ACF-92DE-9DD8-345B07653304}"
EndProject
Global
	GlobalSection(SolutionConfigurationPlatforms) = preSolution
		Debug|Any CPU = Debug|Any CPU
		Release|Any CPU = Release|Any CPU
	EndGlobalSection
	GlobalSection(ProjectConfigurationPlatforms) = postSolution
		{1003E93A-BB33-CA97-5561-AFAEFB0A5F9C}.Debug|Any CPU.ActiveCfg = Debug|Any CPU
		{1003E93A-BB33-CA97-5561-AFAEFB0A5F9C}.Debug|Any CPU.Build.0 = Debug|Any CPU
		{1003E93A-BB33-CA97-5561-AFAEFB0A5F9C}.Release|Any CPU.ActiveCfg = Release|Any CPU
		{1003E93A-BB33-CA97-5561-AFAEFB0A5F9C}.Release|Any CPU.Build.0 = Release|Any CPU
		{2143E661-D242-D7D3-1F64-BE7638D623E3}.Debug|Any CPU.ActiveCfg = Debug|Any CPU
		{2143E661-D242-D7D3-1F64-BE7638D623E3}.Debug|Any CPU.Build.0 = Debug|Any CPU
		{2143E661-D242-D7D3-1F64-BE7638D623E3}.Release|Any CPU.ActiveCfg = Release|Any CPU
		{2143E661-D242-D7D3-1F64-BE7638D623E3}.Release|Any CPU.Build.0 = Release|Any CPU
		{1D888363-4ACF-92DE-9DD8-345B07653304}.Debug|Any CPU.ActiveCfg = Debug|Any CPU
		{1D888363-4ACF-92DE-9DD8-345B07653304}.Debug|Any CPU.Build.0 = Debug|Any CPU
		{1D888363-4ACF-92DE-9DD8-345B07653304}.Release|Any CPU.ActiveCfg = Release|Any CPU
		{1D888363-4ACF-92DE-9DD8-345B07653304}.Release|Any CPU.Build.0 = Release|Any CPU
	EndGlobalSection
	GlobalSection(SolutionProperties) = preSolution
		HideSolutionNode = FALSE
	EndGlobalSection
	GlobalSection(MonoDevelopProperties) = preSolution
		StartupItem = Assembly-CSharp.csproj
	EndGlobalSection
EndGlobal
